
Microsoft Visual Studio Solution File, Format Version 12.00
# Visual Studio Version 17
VisualStudioVersion = 17.14.37516.0
MinimumVisualStudioVersion = 10.0.40219.1
Project("{FAE04EC0-301F-11D3-BF4B-00C04F79EFBC}") = "ChromeExtItemATAPartNumber", "ChromeExtItemATAPartNumber\ChromeExtItemATAPartNumber.csproj", "{144450DC-DEA9-4B95-86C7-17F1404DF2E0}"
EndProject
Project("{E24C65DC-7377-472B-9ABA-BC803B73C61A}") = "Chrome Extension", "..\Chrome Extension\", "{5DA4BD9A-3B00-1392-0F08-00E905ED94E7}"
	ProjectSection(WebsiteProperties) = preProject
		TargetFrameworkMoniker = ".NETFramework,Version%3Dv4.8"
		Debug.AspNetCompiler.VirtualPath = "/localhost_51090"
		Debug.AspNetCompiler.PhysicalPath = "..\Chrome Extension\"
		Debug.AspNetCompiler.TargetPath = "PrecompiledWeb\localhost_51090\"
		Debug.AspNetCompiler.Updateable = "true"
		Debug.AspNetCompiler.ForceOverwrite = "true"
		Debug.AspNetCompiler.FixedNames = "false"
		Debug.AspNetCompiler.Debug = "True"
		Release.AspNetCompiler.VirtualPath = "/localhost_51090"
		Release.AspNetCompiler.PhysicalPath = "..\Chrome Extension\"
		Release.AspNetCompiler.TargetPath = "PrecompiledWeb\localhost_51090\"
		Release.AspNetCompiler.Updateable = "true"
		Release.AspNetCompiler.ForceOverwrite = "true"
		Release.AspNetCompiler.FixedNames = "false"
		Release.AspNetCompiler.Debug = "False"
		VWDPort = "51090"
		SlnRelativePath = "..\Chrome Extension\"
	EndProjectSection
EndProject
Project("{FAE04EC0-301F-11D3-BF4B-00C04F79EFBC}") = "EIPD-WindowsApp", "..\EIPD-WindowsApp\EIPD-WindowsApp.csproj", "{017CF349-3381-4767-AEE9-6029E673985E}"
EndProject
Global
	GlobalSection(SolutionConfigurationPlatforms) = preSolution
		Debug|Any CPU = Debug|Any CPU
		Release|Any CPU = Release|Any CPU
	EndGlobalSection
	GlobalSection(ProjectConfigurationPlatforms) = postSolution
		{144450DC-DEA9-4B95-86C7-17F1404DF2E0}.Debug|Any CPU.ActiveCfg = Debug|Any CPU
		{144450DC-DEA9-4B95-86C7-17F1404DF2E0}.Debug|Any CPU.Build.0 = Debug|Any CPU
		{144450DC-DEA9-4B95-86C7-17F1404DF2E0}.Release|Any CPU.ActiveCfg = Release|Any CPU
		{144450DC-DEA9-4B95-86C7-17F1404DF2E0}.Release|Any CPU.Build.0 = Release|Any CPU
		{5DA4BD9A-3B00-1392-0F08-00E905ED94E7}.Debug|Any CPU.ActiveCfg = Debug|Any CPU
		{5DA4BD9A-3B00-1392-0F08-00E905ED94E7}.Debug|Any CPU.Build.0 = Debug|Any CPU
		{5DA4BD9A-3B00-1392-0F08-00E905ED94E7}.Release|Any CPU.ActiveCfg = Debug|Any CPU
		{5DA4BD9A-3B00-1392-0F08-00E905ED94E7}.Release|Any CPU.Build.0 = Debug|Any CPU
		{017CF349-3381-4767-AEE9-6029E673985E}.Debug|Any CPU.ActiveCfg = Debug|Any CPU
		{017CF349-3381-4767-AEE9-6029E673985E}.Debug|Any CPU.Build.0 = Debug|Any CPU
		{017CF349-3381-4767-AEE9-6029E673985E}.Release|Any CPU.ActiveCfg = Release|Any CPU
		{017CF349-3381-4767-AEE9-6029E673985E}.Release|Any CPU.Build.0 = Release|Any CPU
	EndGlobalSection
	GlobalSection(SolutionProperties) = preSolution
		HideSolutionNode = FALSE
	EndGlobalSection
	GlobalSection(ExtensibilityGlobals) = postSolution
		SolutionGuid = {B3B812CF-FC15-4196-88FE-B6C5C2FFF5DE}
	EndGlobalSection
EndGlobal
